// !$*UTF8*$!
{
	archiveVersion = 1;
	classes = {
	};
	objectVersion = 46;
	objects = {

/* Begin PBXBuildFile section */
		768A51B01C67D16200210D1D /* FlickrPhotosTVC.m in Sources */ = {isa = PBXBuildFile; fileRef = 768A51AF1C67D16200210D1D /* FlickrPhotosTVC.m */; };
		768A51B61C67EBB700210D1D /* NSUserDefaults+RecentlyViewedPhotos.m in Sources */ = {isa = PBXBuildFile; fileRef = 768A51B51C67EBB700210D1D /* NSUserDefaults+RecentlyViewedPhotos.m */; };
		768A51B91C687C5800210D1D /* FlickrPhotoTVCell.m in Sources */ = {isa = PBXBuildFile; fileRef = 768A51B81C687C5800210D1D /* FlickrPhotoTVCell.m */; };
		76BF7E721C61D68200EC1D71 /* main.m in Sources */ = {isa = PBXBuildFile; fileRef = 76BF7E711C61D68200EC1D71 /* main.m */; };
		76BF7E751C61D68200EC1D71 /* AppDelegate.m in Sources */ = {isa = PBXBuildFile; fileRef = 76BF7E741C61D68200EC1D71 /* AppDelegate.m */; };
		76BF7E7D1C61D68200EC1D71 /* Assets.xcassets in Resources */ = {isa = PBXBuildFile; fileRef = 76BF7E7C1C61D68200EC1D71 /* Assets.xcassets */; };
		76BF7E801C61D68200EC1D71 /* LaunchScreen.storyboard in Resources */ = {isa = PBXBuildFile; fileRef = 76BF7E7E1C61D68200EC1D71 /* LaunchScreen.storyboard */; };
		76BF7E8C1C62F9D400EC1D71 /* ImageViewController.m in Sources */ = {isa = PBXBuildFile; fileRef = 76BF7E8B1C62F9D400EC1D71 /* ImageViewController.m */; };
		76BF7E8F1C6302FB00EC1D71 /* TopPlacesFlickrPhotosTVC.m in Sources */ = {isa = PBXBuildFile; fileRef = 76BF7E8E1C6302FB00EC1D71 /* TopPlacesFlickrPhotosTVC.m */; };
		76BF7E931C63047F00EC1D71 /* FlickrFetcher.m in Sources */ = {isa = PBXBuildFile; fileRef = 76BF7E921C63047F00EC1D71 /* FlickrFetcher.m */; };
		76BF7EA91C6461E400EC1D71 /* PlaceFlickrPhotosTVC.m in Sources */ = {isa = PBXBuildFile; fileRef = 76BF7EA81C6461E400EC1D71 /* PlaceFlickrPhotosTVC.m */; };
		76BF7EAC1C6555CC00EC1D71 /* RecentsTableViewController.m in Sources */ = {isa = PBXBuildFile; fileRef = 76BF7EAB1C6555CC00EC1D71 /* RecentsTableViewController.m */; };
		76BF7EAF1C656B5500EC1D71 /* FlickrPhotoObject.m in Sources */ = {isa = PBXBuildFile; fileRef = 76BF7EAE1C656B5500EC1D71 /* FlickrPhotoObject.m */; };
		76BF7EB21C656FFF00EC1D71 /* FlickrFeedObject.m in Sources */ = {isa = PBXBuildFile; fileRef = 76BF7EB11C656FFF00EC1D71 /* FlickrFeedObject.m */; };
/* End PBXBuildFile section */

/* Begin PBXFileReference section */
		768A51AE1C67D16200210D1D /* FlickrPhotosTVC.h */ = {isa = PBXFileReference; fileEncoding = 4; lastKnownFileType = sourcecode.c.h; path = FlickrPhotosTVC.h; sourceTree = "<group>"; };
		768A51AF1C67D16200210D1D /* FlickrPhotosTVC.m */ = {isa = PBXFileReference; fileEncoding = 4; lastKnownFileType = sourcecode.c.objc; path = FlickrPhotosTVC.m; sourceTree = "<group>"; };
		768A51B41C67EBB700210D1D /* NSUserDefaults+RecentlyViewedPhotos.h */ = {isa = PBXFileReference; fileEncoding = 4; lastKnownFileType = sourcecode.c.h; name = "NSUserDefaults+RecentlyViewedPhotos.h"; path = "../NSUserDefaults+RecentlyViewedPhotos.h"; sourceTree = "<group>"; };
		768A51B51C67EBB700210D1D /* NSUserDefaults+RecentlyViewedPhotos.m */ = {isa = PBXFileReference; fileEncoding = 4; lastKnownFileType = sourcecode.c.objc; name = "NSUserDefaults+RecentlyViewedPhotos.m"; path = "../NSUserDefaults+RecentlyViewedPhotos.m"; sourceTree = "<group>"; };
		768A51B71C687C5800210D1D /* FlickrPhotoTVCell.h */ = {isa = PBXFileReference; fileEncoding = 4; lastKnownFileType = sourcecode.c.h; path = FlickrPhotoTVCell.h; sourceTree = "<group>"; };
		768A51B81C687C5800210D1D /* FlickrPhotoTVCell.m */ = {isa = PBXFileReference; fileEncoding = 4; lastKnownFileType = sourcecode.c.objc; path = FlickrPhotoTVCell.m; sourceTree = "<group>"; };
		76BF7E6D1C61D68200EC1D71 /* TopPlaces.app */ = {isa = PBXFileReference; explicitFileType = wrapper.application; includeInIndex = 0; path = TopPlaces.app; sourceTree = BUILT_PRODUCTS_DIR; };
		76BF7E711C61D68200EC1D71 /* main.m */ = {isa = PBXFileReference; lastKnownFileType = sourcecode.c.objc; path = main.m; sourceTree = "<group>"; };
		76BF7E731C61D68200EC1D71 /* AppDelegate.h */ = {isa = PBXFileReference; lastKnownFileType = sourcecode.c.h; path = AppDelegate.h; sourceTree = "<group>"; };
		76BF7E741C61D68200EC1D71 /* AppDelegate.m */ = {isa = PBXFileReference; lastKnownFileType = sourcecode.c.objc; path = AppDelegate.m; sourceTree = "<group>"; };
		76BF7E7C1C61D68200EC1D71 /* Assets.xcassets */ = {isa = PBXFileReference; lastKnownFileType = folder.assetcatalog; path = Assets.xcassets; sourceTree = "<group>"; };
		76BF7E7F1C61D68200EC1D71 /* Base */ = {isa = PBXFileReference; lastKnownFileType = file.storyboard; name = Base; path = Base.lproj/LaunchScreen.storyboard; sourceTree = "<group>"; };
		76BF7E811C61D68200EC1D71 /* Info.plist */ = {isa = PBXFileReference; lastKnownFileType = text.plist.xml; path = Info.plist; sourceTree = "<group>"; };
		76BF7E8A1C62F9D400EC1D71 /* ImageViewController.h */ = {isa = PBXFileReference; fileEncoding = 4; lastKnownFileType = sourcecode.c.h; path = ImageViewController.h; sourceTree = "<group>"; };
		76BF7E8B1C62F9D400EC1D71 /* ImageViewController.m */ = {isa = PBXFileReference; fileEncoding = 4; lastKnownFileType = sourcecode.c.objc; path = ImageViewController.m; sourceTree = "<group>"; };
		76BF7E8D1C6302FB00EC1D71 /* TopPlacesFlickrPhotosTVC.h */ = {isa = PBXFileReference; fileEncoding = 4; lastKnownFileType = sourcecode.c.h; path = TopPlacesFlickrPhotosTVC.h; sourceTree = "<group>"; };
		76BF7E8E1C6302FB00EC1D71 /* TopPlacesFlickrPhotosTVC.m */ = {isa = PBXFileReference; fileEncoding = 4; lastKnownFileType = sourcecode.c.objc; path = TopPlacesFlickrPhotosTVC.m; sourceTree = "<group>"; };
		76BF7E901C63047F00EC1D71 /* FlickrAPIKey.h */ = {isa = PBXFileReference; fileEncoding = 4; lastKnownFileType = sourcecode.c.h; path = FlickrAPIKey.h; sourceTree = "<group>"; };
		76BF7E911C63047F00EC1D71 /* FlickrFetcher.h */ = {isa = PBXFileReference; fileEncoding = 4; lastKnownFileType = sourcecode.c.h; path = FlickrFetcher.h; sourceTree = "<group>"; };
		76BF7E921C63047F00EC1D71 /* FlickrFetcher.m */ = {isa = PBXFileReference; fileEncoding = 4; lastKnownFileType = sourcecode.c.objc; path = FlickrFetcher.m; sourceTree = "<group>"; };
		76BF7EA71C6461E400EC1D71 /* PlaceFlickrPhotosTVC.h */ = {isa = PBXFileReference; fileEncoding = 4; lastKnownFileType = sourcecode.c.h; path = PlaceFlickrPhotosTVC.h; sourceTree = "<group>"; };
		76BF7EA81C6461E400EC1D71 /* PlaceFlickrPhotosTVC.m */ = {isa = PBXFileReference; fileEncoding = 4; lastKnownFileType = sourcecode.c.objc; path = PlaceFlickrPhotosTVC.m; sourceTree = "<group>"; };
		76BF7EAA1C6555CC00EC1D71 /* RecentsTableViewController.h */ = {isa = PBXFileReference; fileEncoding = 4; lastKnownFileType = sourcecode.c.h; path = RecentsTableViewController.h; sourceTree = "<group>"; };
		76BF7EAB1C6555CC00EC1D71 /* RecentsTableViewController.m */ = {isa = PBXFileReference; fileEncoding = 4; lastKnownFileType = sourcecode.c.objc; path = RecentsTableViewController.m; sourceTree = "<group>"; };
		76BF7EAD1C656B5500EC1D71 /* FlickrPhotoObject.h */ = {isa = PBXFileReference; fileEncoding = 4; lastKnownFileType = sourcecode.c.h; path = FlickrPhotoObject.h; sourceTree = "<group>"; };
		76BF7EAE1C656B5500EC1D71 /* FlickrPhotoObject.m */ = {isa = PBXFileReference; fileEncoding = 4; lastKnownFileType = sourcecode.c.objc; path = FlickrPhotoObject.m; sourceTree = "<group>"; };
		76BF7EB01C656FFF00EC1D71 /* FlickrFeedObject.h */ = {isa = PBXFileReference; fileEncoding = 4; lastKnownFileType = sourcecode.c.h; path = FlickrFeedObject.h; sourceTree = "<group>"; };
		76BF7EB11C656FFF00EC1D71 /* FlickrFeedObject.m */ = {isa = PBXFileReference; fileEncoding = 4; lastKnownFileType = sourcecode.c.objc; path = FlickrFeedObject.m; sourceTree = "<group>"; };
/* End PBXFileReference section */

/* Begin PBXFrameworksBuildPhase section */
		76BF7E6A1C61D68200EC1D71 /* Frameworks */ = {
			isa = PBXFrameworksBuildPhase;
			buildActionMask = 2147483647;
			files = (
			);
			runOnlyForDeploymentPostprocessing = 0;
		};
/* End PBXFrameworksBuildPhase section */

/* Begin PBXGroup section */
		76BF7E641C61D68200EC1D71 = {
			isa = PBXGroup;
			children = (
				76BF7E6F1C61D68200EC1D71 /* TopPlaces */,
				76BF7E6E1C61D68200EC1D71 /* Products */,
			);
			sourceTree = "<group>";
		};
		76BF7E6E1C61D68200EC1D71 /* Products */ = {
			isa = PBXGroup;
			children = (
				76BF7E6D1C61D68200EC1D71 /* TopPlaces.app */,
			);
			name = Products;
			sourceTree = "<group>";
		};
		76BF7E6F1C61D68200EC1D71 /* TopPlaces */ = {
			isa = PBXGroup;
			children = (
				76BF7E731C61D68200EC1D71 /* AppDelegate.h */,
				76BF7E741C61D68200EC1D71 /* AppDelegate.m */,
				76BF7E891C62F99200EC1D71 /* Controller */,
				76BF7E881C62F98700EC1D71 /* View */,
				76BF7E871C62F98000EC1D71 /* Model */,
				76BF7E701C61D68200EC1D71 /* Supporting Files */,
			);
			path = TopPlaces;
			sourceTree = "<group>";
		};
		76BF7E701C61D68200EC1D71 /* Supporting Files */ = {
			isa = PBXGroup;
			children = (
				76BF7E7C1C61D68200EC1D71 /* Assets.xcassets */,
				76BF7E7E1C61D68200EC1D71 /* LaunchScreen.storyboard */,
				76BF7E811C61D68200EC1D71 /* Info.plist */,
				76BF7E711C61D68200EC1D71 /* main.m */,
			);
			name = "Supporting Files";
			sourceTree = "<group>";
		};
		76BF7E871C62F98000EC1D71 /* Model */ = {
			isa = PBXGroup;
			children = (
				768A51B41C67EBB700210D1D /* NSUserDefaults+RecentlyViewedPhotos.h */,
				768A51B51C67EBB700210D1D /* NSUserDefaults+RecentlyViewedPhotos.m */,
				76BF7EB01C656FFF00EC1D71 /* FlickrFeedObject.h */,
				76BF7EB11C656FFF00EC1D71 /* FlickrFeedObject.m */,
				76BF7EAD1C656B5500EC1D71 /* FlickrPhotoObject.h */,
				76BF7EAE1C656B5500EC1D71 /* FlickrPhotoObject.m */,
				76BF7E901C63047F00EC1D71 /* FlickrAPIKey.h */,
				76BF7E911C63047F00EC1D71 /* FlickrFetcher.h */,
				76BF7E921C63047F00EC1D71 /* FlickrFetcher.m */,
			);
			name = Model;
			sourceTree = "<group>";
		};
		76BF7E881C62F98700EC1D71 /* View */ = {
			isa = PBXGroup;
			children = (
				768A51B71C687C5800210D1D /* FlickrPhotoTVCell.h */,
				768A51B81C687C5800210D1D /* FlickrPhotoTVCell.m */,
				76BF7E8A1C62F9D400EC1D71 /* ImageViewController.h */,
				76BF7E8B1C62F9D400EC1D71 /* ImageViewController.m */,
			);
			name = View;
			sourceTree = "<group>";
		};
		76BF7E891C62F99200EC1D71 /* Controller */ = {
			isa = PBXGroup;
			children = (
				768A51AE1C67D16200210D1D /* FlickrPhotosTVC.h */,
				768A51AF1C67D16200210D1D /* FlickrPhotosTVC.m */,
				76BF7E8D1C6302FB00EC1D71 /* TopPlacesFlickrPhotosTVC.h */,
				76BF7E8E1C6302FB00EC1D71 /* TopPlacesFlickrPhotosTVC.m */,
				76BF7EA71C6461E400EC1D71 /* PlaceFlickrPhotosTVC.h */,
				76BF7EA81C6461E400EC1D71 /* PlaceFlickrPhotosTVC.m */,
				76BF7EAA1C6555CC00EC1D71 /* RecentsTableViewController.h */,
				76BF7EAB1C6555CC00EC1D71 /* RecentsTableViewController.m */,
			);
			name = Controller;
			sourceTree = "<group>";
		};
/* End PBXGroup section */

/* Begin PBXNativeTarget section */
		76BF7E6C1C61D68200EC1D71 /* TopPlaces */ = {
			isa = PBXNativeTarget;
			buildConfigurationList = 76BF7E841C61D68200EC1D71 /* Build configuration list for PBXNativeTarget "TopPlaces" */;
			buildPhases = (
				76BF7E691C61D68200EC1D71 /* Sources */,
				76BF7E6A1C61D68200EC1D71 /* Frameworks */,
				76BF7E6B1C61D68200EC1D71 /* Resources */,
			);
			buildRules = (
			);
			dependencies = (
			);
			name = TopPlaces;
			productName = TopPlaces;
			productReference = 76BF7E6D1C61D68200EC1D71 /* TopPlaces.app */;
			productType = "com.apple.product-type.application";
		};
/* End PBXNativeTarget section */

/* Begin PBXProject section */
		76BF7E651C61D68200EC1D71 /* Project object */ = {
			isa = PBXProject;
			attributes = {
				LastUpgradeCheck = 0720;
				ORGANIZATIONNAME = "Hannah Troisi";
				TargetAttributes = {
					76BF7E6C1C61D68200EC1D71 = {
						CreatedOnToolsVersion = 7.2;
					};
				};
			};
			buildConfigurationList = 76BF7E681C61D68200EC1D71 /* Build configuration list for PBXProject "TopPlaces" */;
			compatibilityVersion = "Xcode 3.2";
			developmentRegion = English;
			hasScannedForEncodings = 0;
			knownRegions = (
				en,
				Base,
			);
			mainGroup = 76BF7E641C61D68200EC1D71;
			productRefGroup = 76BF7E6E1C61D68200EC1D71 /* Products */;
			projectDirPath = "";
			projectRoot = "";
			targets = (
				76BF7E6C1C61D68200EC1D71 /* TopPlaces */,
			);
		};
/* End PBXProject section */

/* Begin PBXResourcesBuildPhase section */
		76BF7E6B1C61D68200EC1D71 /* Resources */ = {
			isa = PBXResourcesBuildPhase;
			buildActionMask = 2147483647;
			files = (
				76BF7E801C61D68200EC1D71 /* LaunchScreen.storyboard in Resources */,
				76BF7E7D1C61D68200EC1D71 /* Assets.xcassets in Resources */,
			);
			runOnlyForDeploymentPostprocessing = 0;
		};
/* End PBXResourcesBuildPhase section */

/* Begin PBXSourcesBuildPhase section */
		76BF7E691C61D68200EC1D71 /* Sources */ = {
			isa = PBXSourcesBuildPhase;
			buildActionMask = 2147483647;
			files = (
				76BF7E751C61D68200EC1D71 /* AppDelegate.m in Sources */,
				76BF7EAF1C656B5500EC1D71 /* FlickrPhotoObject.m in Sources */,
				76BF7EA91C6461E400EC1D71 /* PlaceFlickrPhotosTVC.m in Sources */,
				76BF7E8C1C62F9D400EC1D71 /* ImageViewController.m in Sources */,
				76BF7EAC1C6555CC00EC1D71 /* RecentsTableViewController.m in Sources */,
				768A51B61C67EBB700210D1D /* NSUserDefaults+RecentlyViewedPhotos.m in Sources */,
				76BF7E721C61D68200EC1D71 /* main.m in Sources */,
				76BF7E931C63047F00EC1D71 /* FlickrFetcher.m in Sources */,
				76BF7EB21C656FFF00EC1D71 /* FlickrFeedObject.m in Sources */,
				768A51B91C687C5800210D1D /* FlickrPhotoTVCell.m in Sources */,
				76BF7E8F1C6302FB00EC1D71 /* TopPlacesFlickrPhotosTVC.m in Sources */,
				768A51B01C67D16200210D1D /* FlickrPhotosTVC.m in Sources */,
			);
			runOnlyForDeploymentPostprocessing = 0;
		};
/* End PBXSourcesBuildPhase section */

/* Begin PBXVariantGroup section */
		76BF7E7E1C61D68200EC1D71 /* LaunchScreen.storyboard */ = {
			isa = PBXVariantGroup;
			children = (
				76BF7E7F1C61D68200EC1D71 /* Base */,
			);
			name = LaunchScreen.storyboard;
			sourceTree = "<group>";
		};
/* End PBXVariantGroup section */

/* Begin XCBuildConfiguration section */
		76BF7E821C61D68200EC1D71 /* Debug */ = {
			isa = XCBuildConfiguration;
			buildSettings = {
				ALWAYS_SEARCH_USER_PATHS = NO;
				CLANG_CXX_LANGUAGE_STANDARD = "gnu++0x";
				CLANG_CXX_LIBRARY = "libc++";
				CLANG_ENABLE_MODULES = YES;
				CLANG_ENABLE_OBJC_ARC = YES;
				CLANG_WARN_BOOL_CONVERSION = YES;
				CLANG_WARN_CONSTANT_CONVERSION = YES;
				CLANG_WARN_DIRECT_OBJC_ISA_USAGE = YES_ERROR;
				CLANG_WARN_EMPTY_BODY = YES;
				CLANG_WARN_ENUM_CONVERSION = YES;
				CLANG_WARN_INT_CONVERSION = YES;
				CLANG_WARN_OBJC_ROOT_CLASS = YES_ERROR;
				CLANG_WARN_UNREACHABLE_CODE = YES;
				CLANG_WARN__DUPLICATE_METHOD_MATCH = YES;
				"CODE_SIGN_IDENTITY[sdk=iphoneos*]" = "iPhone Developer";
				COPY_PHASE_STRIP = NO;
				DEBUG_INFORMATION_FORMAT = dwarf;
				ENABLE_STRICT_OBJC_MSGSEND = YES;
				ENABLE_TESTABILITY = YES;
				GCC_C_LANGUAGE_STANDARD = gnu99;
				GCC_DYNAMIC_NO_PIC = NO;
				GCC_NO_COMMON_BLOCKS = YES;
				GCC_OPTIMIZATION_LEVEL = 0;
				GCC_PREPROCESSOR_DEFINITIONS = (
					"DEBUG=1",
					"$(inherited)",
				);
				GCC_WARN_64_TO_32_BIT_CONVERSION = YES;
				GCC_WARN_ABOUT_RETURN_TYPE = YES_ERROR;
				GCC_WARN_UNDECLARED_SELECTOR = YES;
				GCC_WARN_UNINITIALIZED_AUTOS = YES_AGGRESSIVE;
				GCC_WARN_UNUSED_FUNCTION = YES;
				GCC_WARN_UNUSED_VARIABLE = YES;
				IPHONEOS_DEPLOYMENT_TARGET = 9.2;
				MTL_ENABLE_DEBUG_INFO = YES;
				ONLY_ACTIVE_ARCH = YES;
				SDKROOT = iphoneos;
				TARGETED_DEVICE_FAMILY = "1,2";
			};
			name = Debug;
		};
		76BF7E831C61D68200EC1D71 /* Release */ = {
			isa = XCBuildConfiguration;
			buildSettings = {
				ALWAYS_SEARCH_USER_PATHS = NO;
				CLANG_CXX_LANGUAGE_STANDARD = "gnu++0x";
				CLANG_CXX_LIBRARY = "libc++";
				CLANG_ENABLE_MODULES = YES;
				CLANG_ENABLE_OBJC_ARC = YES;
				CLANG_WARN_BOOL_CONVERSION = YES;
				CLANG_WARN_CONSTANT_CONVERSION = YES;
				CLANG_WARN_DIRECT_OBJC_ISA_USAGE = YES_ERROR;
				CLANG_WARN_EMPTY_BODY = YES;
				CLANG_WARN_ENUM_CONVERSION = YES;
				CLANG_WARN_INT_CONVERSION = YES;
				CLANG_WARN_OBJC_ROOT_CLASS = YES_ERROR;
				CLANG_WARN_UNREACHABLE_CODE = YES;
				CLANG_WARN__DUPLICATE_METHOD_MATCH = YES;
				"CODE_SIGN_IDENTITY[sdk=iphoneos*]" = "iPhone Developer";
				COPY_PHASE_STRIP = NO;
				DEBUG_INFORMATION_FORMAT = "dwarf-with-dsym";
				ENABLE_NS_ASSERTIONS = NO;
				ENABLE_STRICT_OBJC_MSGSEND = YES;
				GCC_C_LANGUAGE_STANDARD = gnu99;
				GCC_NO_COMMON_BLOCKS = YES;
				GCC_WARN_64_TO_32_BIT_CONVERSION = YES;
				GCC_WARN_ABOUT_RETURN_TYPE = YES_ERROR;
				GCC_WARN_UNDECLARED_SELECTOR = YES;
				GCC_WARN_UNINITIALIZED_AUTOS = YES_AGGRESSIVE;
				GCC_WARN_UNUSED_FUNCTION = YES;
				GCC_WARN_UNUSED_VARIABLE = YES;
				IPHONEOS_DEPLOYMENT_TARGET = 9.2;
				MTL_ENABLE_DEBUG_INFO = NO;
				SDKROOT = iphoneos;
				TARGETED_DEVICE_FAMILY = "1,2";
				VALIDATE_PRODUCT = YES;
			};
			name = Release;
		};
		76BF7E851C61D68200EC1D71 /* Debug */ = {
			isa = XCBuildConfiguration;
			buildSettings = {
				ASSETCATALOG_COMPILER_APPICON_NAME = AppIcon;
				GCC_TREAT_WARNINGS_AS_ERRORS = NO;
				INFOPLIST_FILE = TopPlaces/Info.plist;
				LD_RUNPATH_SEARCH_PATHS = "$(inherited) @executable_path/Frameworks";
				PRODUCT_BUNDLE_IDENTIFIER = HMT.TopPlaces;
				PRODUCT_NAME = "$(TARGET_NAME)";
			};
			name = Debug;
		};
		76BF7E861C61D68200EC1D71 /* Release */ = {
			isa = XCBuildConfiguration;
			buildSettings = {
				ASSETCATALOG_COMPILER_APPICON_NAME = AppIcon;
				GCC_TREAT_WARNINGS_AS_ERRORS = NO;
				INFOPLIST_FILE = TopPlaces/Info.plist;
				LD_RUNPATH_SEARCH_PATHS = "$(inherited) @executable_path/Frameworks";
				PRODUCT_BUNDLE_IDENTIFIER = HMT.TopPlaces;
				PRODUCT_NAME = "$(TARGET_NAME)";
			};
			name = Release;
		};
/* End XCBuildConfiguration section */

/* Begin XCConfigurationList section */
		76BF7E681C61D68200EC1D71 /* Build configuration list for PBXProject "TopPlaces" */ = {
			isa = XCConfigurationList;
			buildConfigurations = (
				76BF7E821C61D68200EC1D71 /* Debug */,
				76BF7E831C61D68200EC1D71 /* Release */,
			);
			defaultConfigurationIsVisible = 0;
			defaultConfigurationName = Release;
		};
		76BF7E841C61D68200EC1D71 /* Build configuration list for PBXNativeTarget "TopPlaces" */ = {
			isa = XCConfigurationList;
			buildConfigurations = (
				76BF7E851C61D68200EC1D71 /* Debug */,
				76BF7E861C61D68200EC1D71 /* Release */,
			);
			defaultConfigurationIsVisible = 0;
			defaultConfigurationName = Release;
		};
/* End XCConfigurationList section */
	};
	rootObject = 76BF7E651C61D68200EC1D71 /* Project object */;
}
